// !$*UTF8*$!
{
	archiveVersion = 1;
	classes = {
	};
	objectVersion = 46;
	objects = {

/* Begin PBXBuildFile section */
		80CB280018AACD770097D09E /* MPUYResultViewController.m in Sources */ = {isa = PBXBuildFile; fileRef = 80CB27FF18AACD770097D09E /* MPUYResultViewController.m */; };
		80EBEBEA18955E7E005967DD /* Foundation.framework in Frameworks */ = {isa = PBXBuildFile; fileRef = 80EBEBE918955E7E005967DD /* Foundation.framework */; };
		80EBEBEC18955E7E005967DD /* CoreGraphics.framework in Frameworks */ = {isa = PBXBuildFile; fileRef = 80EBEBEB18955E7E005967DD /* CoreGraphics.framework */; };
		80EBEBEE18955E7E005967DD /* UIKit.framework in Frameworks */ = {isa = PBXBuildFile; fileRef = 80EBEBED18955E7E005967DD /* UIKit.framework */; };
		80EBEBF418955E7E005967DD /* InfoPlist.strings in Resources */ = {isa = PBXBuildFile; fileRef = 80EBEBF218955E7E005967DD /* InfoPlist.strings */; };
		80EBEBF618955E7E005967DD /* main.m in Sources */ = {isa = PBXBuildFile; fileRef = 80EBEBF518955E7E005967DD /* main.m */; };
		80EBEBFA18955E7E005967DD /* MPUYAppDelegate.m in Sources */ = {isa = PBXBuildFile; fileRef = 80EBEBF918955E7E005967DD /* MPUYAppDelegate.m */; };
		80EBEBFD18955E7E005967DD /* Main.storyboard in Resources */ = {isa = PBXBuildFile; fileRef = 80EBEBFB18955E7E005967DD /* Main.storyboard */; };
		80EBEC0218955E7E005967DD /* Images.xcassets in Resources */ = {isa = PBXBuildFile; fileRef = 80EBEC0118955E7E005967DD /* Images.xcassets */; };
		80EBEC0918955E7E005967DD /* XCTest.framework in Frameworks */ = {isa = PBXBuildFile; fileRef = 80EBEC0818955E7E005967DD /* XCTest.framework */; };
		80EBEC0A18955E7E005967DD /* Foundation.framework in Frameworks */ = {isa = PBXBuildFile; fileRef = 80EBEBE918955E7E005967DD /* Foundation.framework */; };
		80EBEC0B18955E7E005967DD /* UIKit.framework in Frameworks */ = {isa = PBXBuildFile; fileRef = 80EBEBED18955E7E005967DD /* UIKit.framework */; };
		80EBEC1318955E7E005967DD /* InfoPlist.strings in Resources */ = {isa = PBXBuildFile; fileRef = 80EBEC1118955E7E005967DD /* InfoPlist.strings */; };
		80EBEC1518955E7E005967DD /* MePaseasteUYTests.m in Sources */ = {isa = PBXBuildFile; fileRef = 80EBEC1418955E7E005967DD /* MePaseasteUYTests.m */; };
		80EBEC1F189560DE005967DD /* MapKit.framework in Frameworks */ = {isa = PBXBuildFile; fileRef = 80EBEC1E189560DE005967DD /* MapKit.framework */; };
		80EBEC2218956CF0005967DD /* MPUYMap.m in Sources */ = {isa = PBXBuildFile; fileRef = 80EBEC2118956CF0005967DD /* MPUYMap.m */; };
		80EBEC2818958E79005967DD /* MPUYViewController.m in Sources */ = {isa = PBXBuildFile; fileRef = 80EBEC2718958E79005967DD /* MPUYViewController.m */; };
		80EBEC2B1895CAB6005967DD /* MPUYMarkers.m in Sources */ = {isa = PBXBuildFile; fileRef = 80EBEC2A1895CAB6005967DD /* MPUYMarkers.m */; };
		80EBEC2E189692A3005967DD /* MPUYMarkersViewController.m in Sources */ = {isa = PBXBuildFile; fileRef = 80EBEC2D189692A3005967DD /* MPUYMarkersViewController.m */; };
		80EBEC3118969AA0005967DD /* MPUYMarkerTableViewCell.m in Sources */ = {isa = PBXBuildFile; fileRef = 80EBEC3018969AA0005967DD /* MPUYMarkerTableViewCell.m */; };
		80EBEC371896E9B4005967DD /* MPUYMarkerDetailViewController.m in Sources */ = {isa = PBXBuildFile; fileRef = 80EBEC361896E9B4005967DD /* MPUYMarkerDetailViewController.m */; };
/* End PBXBuildFile section */

/* Begin PBXContainerItemProxy section */
		80EBEC0C18955E7E005967DD /* PBXContainerItemProxy */ = {
			isa = PBXContainerItemProxy;
			containerPortal = 80EBEBDE18955E7E005967DD /* Project object */;
			proxyType = 1;
			remoteGlobalIDString = 80EBEBE518955E7E005967DD;
			remoteInfo = MePaseasteUY;
		};
/* End PBXContainerItemProxy section */

/* Begin PBXFileReference section */
		80CB27FE18AACD770097D09E /* MPUYResultViewController.h */ = {isa = PBXFileReference; fileEncoding = 4; lastKnownFileType = sourcecode.c.h; name = MPUYResultViewController.h; path = Controllers/MPUYResultViewController.h; sourceTree = "<group>"; };
		80CB27FF18AACD770097D09E /* MPUYResultViewController.m */ = {isa = PBXFileReference; fileEncoding = 4; lastKnownFileType = sourcecode.c.objc; name = MPUYResultViewController.m; path = Controllers/MPUYResultViewController.m; sourceTree = "<group>"; };
		80EBEBE618955E7E005967DD /* MePaseasteUY.app */ = {isa = PBXFileReference; explicitFileType = wrapper.application; includeInIndex = 0; path = MePaseasteUY.app; sourceTree = BUILT_PRODUCTS_DIR; };
		80EBEBE918955E7E005967DD /* Foundation.framework */ = {isa = PBXFileReference; lastKnownFileType = wrapper.framework; name = Foundation.framework; path = System/Library/Frameworks/Foundation.framework; sourceTree = SDKROOT; };
		80EBEBEB18955E7E005967DD /* CoreGraphics.framework */ = {isa = PBXFileReference; lastKnownFileType = wrapper.framework; name = CoreGraphics.framework; path = System/Library/Frameworks/CoreGraphics.framework; sourceTree = SDKROOT; };
		80EBEBED18955E7E005967DD /* UIKit.framework */ = {isa = PBXFileReference; lastKnownFileType = wrapper.framework; name = UIKit.framework; path = System/Library/Frameworks/UIKit.framework; sourceTree = SDKROOT; };
		80EBEBF118955E7E005967DD /* MePaseasteUY-Info.plist */ = {isa = PBXFileReference; lastKnownFileType = text.plist.xml; path = "MePaseasteUY-Info.plist"; sourceTree = "<group>"; };
		80EBEBF318955E7E005967DD /* en */ = {isa = PBXFileReference; lastKnownFileType = text.plist.strings; name = en; path = en.lproj/InfoPlist.strings; sourceTree = "<group>"; };
		80EBEBF518955E7E005967DD /* main.m */ = {isa = PBXFileReference; lastKnownFileType = sourcecode.c.objc; path = main.m; sourceTree = "<group>"; };
		80EBEBF718955E7E005967DD /* MePaseasteUY-Prefix.pch */ = {isa = PBXFileReference; lastKnownFileType = sourcecode.c.h; path = "MePaseasteUY-Prefix.pch"; sourceTree = "<group>"; };
		80EBEBF818955E7E005967DD /* MPUYAppDelegate.h */ = {isa = PBXFileReference; lastKnownFileType = sourcecode.c.h; path = MPUYAppDelegate.h; sourceTree = "<group>"; };
		80EBEBF918955E7E005967DD /* MPUYAppDelegate.m */ = {isa = PBXFileReference; lastKnownFileType = sourcecode.c.objc; path = MPUYAppDelegate.m; sourceTree = "<group>"; };
		80EBEBFC18955E7E005967DD /* Base */ = {isa = PBXFileReference; lastKnownFileType = file.storyboard; name = Base; path = Base.lproj/Main.storyboard; sourceTree = "<group>"; };
		80EBEC0118955E7E005967DD /* Images.xcassets */ = {isa = PBXFileReference; lastKnownFileType = folder.assetcatalog; path = Images.xcassets; sourceTree = "<group>"; };
		80EBEC0718955E7E005967DD /* MePaseasteUYTests.xctest */ = {isa = PBXFileReference; explicitFileType = wrapper.cfbundle; includeInIndex = 0; path = MePaseasteUYTests.xctest; sourceTree = BUILT_PRODUCTS_DIR; };
		80EBEC0818955E7E005967DD /* XCTest.framework */ = {isa = PBXFileReference; lastKnownFileType = wrapper.framework; name = XCTest.framework; path = Library/Frameworks/XCTest.framework; sourceTree = DEVELOPER_DIR; };
		80EBEC1018955E7E005967DD /* MePaseasteUYTests-Info.plist */ = {isa = PBXFileReference; lastKnownFileType = text.plist.xml; path = "MePaseasteUYTests-Info.plist"; sourceTree = "<group>"; };
		80EBEC1218955E7E005967DD /* en */ = {isa = PBXFileReference; lastKnownFileType = text.plist.strings; name = en; path = en.lproj/InfoPlist.strings; sourceTree = "<group>"; };
		80EBEC1418955E7E005967DD /* MePaseasteUYTests.m */ = {isa = PBXFileReference; lastKnownFileType = sourcecode.c.objc; path = MePaseasteUYTests.m; sourceTree = "<group>"; };
		80EBEC1E189560DE005967DD /* MapKit.framework */ = {isa = PBXFileReference; lastKnownFileType = wrapper.framework; name = MapKit.framework; path = System/Library/Frameworks/MapKit.framework; sourceTree = SDKROOT; };
		80EBEC2018956CF0005967DD /* MPUYMap.h */ = {isa = PBXFileReference; fileEncoding = 4; lastKnownFileType = sourcecode.c.h; name = MPUYMap.h; path = Models/MPUYMap.h; sourceTree = "<group>"; };
		80EBEC2118956CF0005967DD /* MPUYMap.m */ = {isa = PBXFileReference; fileEncoding = 4; lastKnownFileType = sourcecode.c.objc; name = MPUYMap.m; path = Models/MPUYMap.m; sourceTree = "<group>"; };
		80EBEC2618958E79005967DD /* MPUYViewController.h */ = {isa = PBXFileReference; fileEncoding = 4; lastKnownFileType = sourcecode.c.h; path = MPUYViewController.h; sourceTree = "<group>"; };
		80EBEC2718958E79005967DD /* MPUYViewController.m */ = {isa = PBXFileReference; fileEncoding = 4; lastKnownFileType = sourcecode.c.objc; path = MPUYViewController.m; sourceTree = "<group>"; };
		80EBEC291895CAB6005967DD /* MPUYMarkers.h */ = {isa = PBXFileReference; fileEncoding = 4; lastKnownFileType = sourcecode.c.h; name = MPUYMarkers.h; path = Models/MPUYMarkers.h; sourceTree = "<group>"; };
		80EBEC2A1895CAB6005967DD /* MPUYMarkers.m */ = {isa = PBXFileReference; fileEncoding = 4; lastKnownFileType = sourcecode.c.objc; name = MPUYMarkers.m; path = Models/MPUYMarkers.m; sourceTree = "<group>"; };
		80EBEC2C189692A3005967DD /* MPUYMarkersViewController.h */ = {isa = PBXFileReference; fileEncoding = 4; lastKnownFileType = sourcecode.c.h; name = MPUYMarkersViewController.h; path = Controllers/MPUYMarkersViewController.h; sourceTree = "<group>"; };
		80EBEC2D189692A3005967DD /* MPUYMarkersViewController.m */ = {isa = PBXFileReference; fileEncoding = 4; lastKnownFileType = sourcecode.c.objc; name = MPUYMarkersViewController.m; path = Controllers/MPUYMarkersViewController.m; sourceTree = "<group>"; };
		80EBEC2F18969AA0005967DD /* MPUYMarkerTableViewCell.h */ = {isa = PBXFileReference; fileEncoding = 4; lastKnownFileType = sourcecode.c.h; name = MPUYMarkerTableViewCell.h; path = Controllers/MPUYMarkerTableViewCell.h; sourceTree = "<group>"; };
		80EBEC3018969AA0005967DD /* MPUYMarkerTableViewCell.m */ = {isa = PBXFileReference; fileEncoding = 4; lastKnownFileType = sourcecode.c.objc; name = MPUYMarkerTableViewCell.m; path = Controllers/MPUYMarkerTableViewCell.m; sourceTree = "<group>"; };
		80EBEC351896E9B4005967DD /* MPUYMarkerDetailViewController.h */ = {isa = PBXFileReference; fileEncoding = 4; lastKnownFileType = sourcecode.c.h; name = MPUYMarkerDetailViewController.h; path = Controllers/MPUYMarkerDetailViewController.h; sourceTree = "<group>"; };
		80EBEC361896E9B4005967DD /* MPUYMarkerDetailViewController.m */ = {isa = PBXFileReference; fileEncoding = 4; lastKnownFileType = sourcecode.c.objc; name = MPUYMarkerDetailViewController.m; path = Controllers/MPUYMarkerDetailViewController.m; sourceTree = "<group>"; };
/* End PBXFileReference section */

/* Begin PBXFrameworksBuildPhase section */
		80EBEBE318955E7E005967DD /* Frameworks */ = {
			isa = PBXFrameworksBuildPhase;
			buildActionMask = 2147483647;
			files = (
				80EBEC1F189560DE005967DD /* MapKit.framework in Frameworks */,
				80EBEBEC18955E7E005967DD /* CoreGraphics.framework in Frameworks */,
				80EBEBEE18955E7E005967DD /* UIKit.framework in Frameworks */,
				80EBEBEA18955E7E005967DD /* Foundation.framework in Frameworks */,
			);
			runOnlyForDeploymentPostprocessing = 0;
		};
		80EBEC0418955E7E005967DD /* Frameworks */ = {
			isa = PBXFrameworksBuildPhase;
			buildActionMask = 2147483647;
			files = (
				80EBEC0918955E7E005967DD /* XCTest.framework in Frameworks */,
				80EBEC0B18955E7E005967DD /* UIKit.framework in Frameworks */,
				80EBEC0A18955E7E005967DD /* Foundation.framework in Frameworks */,
			);
			runOnlyForDeploymentPostprocessing = 0;
		};
/* End PBXFrameworksBuildPhase section */

/* Begin PBXGroup section */
		80EBEBDD18955E7E005967DD = {
			isa = PBXGroup;
			children = (
				80EBEBEF18955E7E005967DD /* MePaseasteUY */,
				80EBEC0E18955E7E005967DD /* MePaseasteUYTests */,
				80EBEBE818955E7E005967DD /* Frameworks */,
				80EBEBE718955E7E005967DD /* Products */,
			);
			sourceTree = "<group>";
		};
		80EBEBE718955E7E005967DD /* Products */ = {
			isa = PBXGroup;
			children = (
				80EBEBE618955E7E005967DD /* MePaseasteUY.app */,
				80EBEC0718955E7E005967DD /* MePaseasteUYTests.xctest */,
			);
			name = Products;
			sourceTree = "<group>";
		};
		80EBEBE818955E7E005967DD /* Frameworks */ = {
			isa = PBXGroup;
			children = (
				80EBEC1E189560DE005967DD /* MapKit.framework */,
				80EBEBE918955E7E005967DD /* Foundation.framework */,
				80EBEBEB18955E7E005967DD /* CoreGraphics.framework */,
				80EBEBED18955E7E005967DD /* UIKit.framework */,
				80EBEC0818955E7E005967DD /* XCTest.framework */,
			);
			name = Frameworks;
			sourceTree = "<group>";
		};
		80EBEBEF18955E7E005967DD /* MePaseasteUY */ = {
			isa = PBXGroup;
			children = (
				80EBEBFB18955E7E005967DD /* Main.storyboard */,
				80EBEC2618958E79005967DD /* MPUYViewController.h */,
				80EBEC2718958E79005967DD /* MPUYViewController.m */,
				80CB27FE18AACD770097D09E /* MPUYResultViewController.h */,
				80CB27FF18AACD770097D09E /* MPUYResultViewController.m */,
				80EBEBF018955E7E005967DD /* Supporting Files */,
			);
			path = MePaseasteUY;
			sourceTree = "<group>";
		};
		80EBEBF018955E7E005967DD /* Supporting Files */ = {
			isa = PBXGroup;
			children = (
				80EBEC351896E9B4005967DD /* MPUYMarkerDetailViewController.h */,
				80EBEC361896E9B4005967DD /* MPUYMarkerDetailViewController.m */,
				80EBEC2C189692A3005967DD /* MPUYMarkersViewController.h */,
				80EBEC2D189692A3005967DD /* MPUYMarkersViewController.m */,
				80EBEC2F18969AA0005967DD /* MPUYMarkerTableViewCell.h */,
				80EBEC3018969AA0005967DD /* MPUYMarkerTableViewCell.m */,
				80EBEC2A1895CAB6005967DD /* MPUYMarkers.m */,
				80EBEC291895CAB6005967DD /* MPUYMarkers.h */,
				80EBEC0118955E7E005967DD /* Images.xcassets */,
				80EBEC2018956CF0005967DD /* MPUYMap.h */,
				80EBEC2118956CF0005967DD /* MPUYMap.m */,
				80EBEBF818955E7E005967DD /* MPUYAppDelegate.h */,
				80EBEBF918955E7E005967DD /* MPUYAppDelegate.m */,
				80EBEBF118955E7E005967DD /* MePaseasteUY-Info.plist */,
				80EBEBF218955E7E005967DD /* InfoPlist.strings */,
				80EBEBF518955E7E005967DD /* main.m */,
				80EBEBF718955E7E005967DD /* MePaseasteUY-Prefix.pch */,
			);
			name = "Supporting Files";
			sourceTree = "<group>";
		};
		80EBEC0E18955E7E005967DD /* MePaseasteUYTests */ = {
			isa = PBXGroup;
			children = (
				80EBEC1418955E7E005967DD /* MePaseasteUYTests.m */,
				80EBEC0F18955E7E005967DD /* Supporting Files */,
			);
			path = MePaseasteUYTests;
			sourceTree = "<group>";
		};
		80EBEC0F18955E7E005967DD /* Supporting Files */ = {
			isa = PBXGroup;
			children = (
				80EBEC1018955E7E005967DD /* MePaseasteUYTests-Info.plist */,
				80EBEC1118955E7E005967DD /* InfoPlist.strings */,
			);
			name = "Supporting Files";
			sourceTree = "<group>";
		};
/* End PBXGroup section */

/* Begin PBXNativeTarget section */
		80EBEBE518955E7E005967DD /* MePaseasteUY */ = {
			isa = PBXNativeTarget;
			buildConfigurationList = 80EBEC1818955E7E005967DD /* Build configuration list for PBXNativeTarget "MePaseasteUY" */;
			buildPhases = (
				80EBEBE218955E7E005967DD /* Sources */,
				80EBEBE318955E7E005967DD /* Frameworks */,
				80EBEBE418955E7E005967DD /* Resources */,
			);
			buildRules = (
			);
			dependencies = (
			);
			name = MePaseasteUY;
			productName = MePaseasteUY;
			productReference = 80EBEBE618955E7E005967DD /* MePaseasteUY.app */;
			productType = "com.apple.product-type.application";
		};
		80EBEC0618955E7E005967DD /* MePaseasteUYTests */ = {
			isa = PBXNativeTarget;
			buildConfigurationList = 80EBEC1B18955E7E005967DD /* Build configuration list for PBXNativeTarget "MePaseasteUYTests" */;
			buildPhases = (
				80EBEC0318955E7E005967DD /* Sources */,
				80EBEC0418955E7E005967DD /* Frameworks */,
				80EBEC0518955E7E005967DD /* Resources */,
			);
			buildRules = (
			);
			dependencies = (
				80EBEC0D18955E7E005967DD /* PBXTargetDependency */,
			);
			name = MePaseasteUYTests;
			productName = MePaseasteUYTests;
			productReference = 80EBEC0718955E7E005967DD /* MePaseasteUYTests.xctest */;
			productType = "com.apple.product-type.bundle.unit-test";
		};
/* End PBXNativeTarget section */

/* Begin PBXProject section */
		80EBEBDE18955E7E005967DD /* Project object */ = {
			isa = PBXProject;
			attributes = {
				CLASSPREFIX = MPUY;
				LastUpgradeCheck = 0500;
				ORGANIZATIONNAME = "Gabriel Fagundez de los Reyes";
				TargetAttributes = {
					80EBEC0618955E7E005967DD = {
						TestTargetID = 80EBEBE518955E7E005967DD;
					};
				};
			};
			buildConfigurationList = 80EBEBE118955E7E005967DD /* Build configuration list for PBXProject "MePaseasteUY" */;
			compatibilityVersion = "Xcode 3.2";
			developmentRegion = English;
			hasScannedForEncodings = 0;
			knownRegions = (
				en,
				Base,
			);
			mainGroup = 80EBEBDD18955E7E005967DD;
			productRefGroup = 80EBEBE718955E7E005967DD /* Products */;
			projectDirPath = "";
			projectRoot = "";
			targets = (
				80EBEBE518955E7E005967DD /* MePaseasteUY */,
				80EBEC0618955E7E005967DD /* MePaseasteUYTests */,
			);
		};
/* End PBXProject section */

/* Begin PBXResourcesBuildPhase section */
		80EBEBE418955E7E005967DD /* Resources */ = {
			isa = PBXResourcesBuildPhase;
			buildActionMask = 2147483647;
			files = (
				80EBEC0218955E7E005967DD /* Images.xcassets in Resources */,
				80EBEBF418955E7E005967DD /* InfoPlist.strings in Resources */,
				80EBEBFD18955E7E005967DD /* Main.storyboard in Resources */,
			);
			runOnlyForDeploymentPostprocessing = 0;
		};
		80EBEC0518955E7E005967DD /* Resources */ = {
			isa = PBXResourcesBuildPhase;
			buildActionMask = 2147483647;
			files = (
				80EBEC1318955E7E005967DD /* InfoPlist.strings in Resources */,
			);
			runOnlyForDeploymentPostprocessing = 0;
		};
/* End PBXResourcesBuildPhase section */

/* Begin PBXSourcesBuildPhase section */
		80EBEBE218955E7E005967DD /* Sources */ = {
			isa = PBXSourcesBuildPhase;
			buildActionMask = 2147483647;
			files = (
				80EBEBF618955E7E005967DD /* main.m in Sources */,
				80EBEC2818958E79005967DD /* MPUYViewController.m in Sources */,
				80EBEC2218956CF0005967DD /* MPUYMap.m in Sources */,
				80EBEC2B1895CAB6005967DD /* MPUYMarkers.m in Sources */,
				80CB280018AACD770097D09E /* MPUYResultViewController.m in Sources */,
				80EBEC371896E9B4005967DD /* MPUYMarkerDetailViewController.m in Sources */,
				80EBEBFA18955E7E005967DD /* MPUYAppDelegate.m in Sources */,
				80EBEC3118969AA0005967DD /* MPUYMarkerTableViewCell.m in Sources */,
				80EBEC2E189692A3005967DD /* MPUYMarkersViewController.m in Sources */,
			);
			runOnlyForDeploymentPostprocessing = 0;
		};
		80EBEC0318955E7E005967DD /* Sources */ = {
			isa = PBXSourcesBuildPhase;
			buildActionMask = 2147483647;
			files = (
				80EBEC1518955E7E005967DD /* MePaseasteUYTests.m in Sources */,
			);
			runOnlyForDeploymentPostprocessing = 0;
		};
/* End PBXSourcesBuildPhase section */

/* Begin PBXTargetDependency section */
		80EBEC0D18955E7E005967DD /* PBXTargetDependency */ = {
			isa = PBXTargetDependency;
			target = 80EBEBE518955E7E005967DD /* MePaseasteUY */;
			targetProxy = 80EBEC0C18955E7E005967DD /* PBXContainerItemProxy */;
		};
/* End PBXTargetDependency section */

/* Begin PBXVariantGroup section */
		80EBEBF218955E7E005967DD /* InfoPlist.strings */ = {
			isa = PBXVariantGroup;
			children = (
				80EBEBF318955E7E005967DD /* en */,
			);
			name = InfoPlist.strings;
			sourceTree = "<group>";
		};
		80EBEBFB18955E7E005967DD /* Main.storyboard */ = {
			isa = PBXVariantGroup;
			children = (
				80EBEBFC18955E7E005967DD /* Base */,
			);
			name = Main.storyboard;
			sourceTree = "<group>";
		};
		80EBEC1118955E7E005967DD /* InfoPlist.strings */ = {
			isa = PBXVariantGroup;
			children = (
				80EBEC1218955E7E005967DD /* en */,
			);
			name = InfoPlist.strings;
			sourceTree = "<group>";
		};
/* End PBXVariantGroup section */

/* Begin XCBuildConfiguration section */
		80EBEC1618955E7E005967DD /* Debug */ = {
			isa = XCBuildConfiguration;
			buildSettings = {
				ALWAYS_SEARCH_USER_PATHS = NO;
				ARCHS = "$(ARCHS_STANDARD_INCLUDING_64_BIT)";
				CLANG_CXX_LANGUAGE_STANDARD = "gnu++0x";
				CLANG_CXX_LIBRARY = "libc++";
				CLANG_ENABLE_MODULES = YES;
				CLANG_ENABLE_OBJC_ARC = YES;
				CLANG_WARN_BOOL_CONVERSION = YES;
				CLANG_WARN_CONSTANT_CONVERSION = YES;
				CLANG_WARN_DIRECT_OBJC_ISA_USAGE = YES_ERROR;
				CLANG_WARN_EMPTY_BODY = YES;
				CLANG_WARN_ENUM_CONVERSION = YES;
				CLANG_WARN_INT_CONVERSION = YES;
				CLANG_WARN_OBJC_ROOT_CLASS = YES_ERROR;
				CLANG_WARN__DUPLICATE_METHOD_MATCH = YES;
				"CODE_SIGN_IDENTITY[sdk=iphoneos*]" = "iPhone Developer";
				COPY_PHASE_STRIP = NO;
				GCC_C_LANGUAGE_STANDARD = gnu99;
				GCC_DYNAMIC_NO_PIC = NO;
				GCC_OPTIMIZATION_LEVEL = 0;
				GCC_PREPROCESSOR_DEFINITIONS = (
					"DEBUG=1",
					"$(inherited)",
				);
				GCC_SYMBOLS_PRIVATE_EXTERN = NO;
				GCC_WARN_64_TO_32_BIT_CONVERSION = YES;
				GCC_WARN_ABOUT_RETURN_TYPE = YES_ERROR;
				GCC_WARN_UNDECLARED_SELECTOR = YES;
				GCC_WARN_UNINITIALIZED_AUTOS = YES;
				GCC_WARN_UNUSED_FUNCTION = YES;
				GCC_WARN_UNUSED_VARIABLE = YES;
				IPHONEOS_DEPLOYMENT_TARGET = 7.0;
				ONLY_ACTIVE_ARCH = YES;
				SDKROOT = iphoneos;
			};
			name = Debug;
		};
		80EBEC1718955E7E005967DD /* Release */ = {
			isa = XCBuildConfiguration;
			buildSettings = {
				ALWAYS_SEARCH_USER_PATHS = NO;
				ARCHS = "$(ARCHS_STANDARD_INCLUDING_64_BIT)";
				CLANG_CXX_LANGUAGE_STANDARD = "gnu++0x";
				CLANG_CXX_LIBRARY = "libc++";
				CLANG_ENABLE_MODULES = YES;
				CLANG_ENABLE_OBJC_ARC = YES;
				CLANG_WARN_BOOL_CONVERSION = YES;
				CLANG_WARN_CONSTANT_CONVERSION = YES;
				CLANG_WARN_DIRECT_OBJC_ISA_USAGE = YES_ERROR;
				CLANG_WARN_EMPTY_BODY = YES;
				CLANG_WARN_ENUM_CONVERSION = YES;
				CLANG_WARN_INT_CONVERSION = YES;
				CLANG_WARN_OBJC_ROOT_CLASS = YES_ERROR;
				CLANG_WARN__DUPLICATE_METHOD_MATCH = YES;
				"CODE_SIGN_IDENTITY[sdk=iphoneos*]" = "iPhone Developer";
				COPY_PHASE_STRIP = YES;
				ENABLE_NS_ASSERTIONS = NO;
				GCC_C_LANGUAGE_STANDARD = gnu99;
				GCC_WARN_64_TO_32_BIT_CONVERSION = YES;
				GCC_WARN_ABOUT_RETURN_TYPE = YES_ERROR;
				GCC_WARN_UNDECLARED_SELECTOR = YES;
				GCC_WARN_UNINITIALIZED_AUTOS = YES;
				GCC_WARN_UNUSED_FUNCTION = YES;
				GCC_WARN_UNUSED_VARIABLE = YES;
				IPHONEOS_DEPLOYMENT_TARGET = 7.0;
				SDKROOT = iphoneos;
				VALIDATE_PRODUCT = YES;
			};
			name = Release;
		};
		80EBEC1918955E7E005967DD /* Debug */ = {
			isa = XCBuildConfiguration;
			buildSettings = {
				ASSETCATALOG_COMPILER_APPICON_NAME = AppIcon;
				ASSETCATALOG_COMPILER_LAUNCHIMAGE_NAME = LaunchImage;
				GCC_PRECOMPILE_PREFIX_HEADER = YES;
				GCC_PREFIX_HEADER = "MePaseasteUY/MePaseasteUY-Prefix.pch";
				INFOPLIST_FILE = "MePaseasteUY/MePaseasteUY-Info.plist";
				PRODUCT_NAME = "$(TARGET_NAME)";
				WRAPPER_EXTENSION = app;
			};
			name = Debug;
		};
		80EBEC1A18955E7E005967DD /* Release */ = {
			isa = XCBuildConfiguration;
			buildSettings = {
				ASSETCATALOG_COMPILER_APPICON_NAME = AppIcon;
				ASSETCATALOG_COMPILER_LAUNCHIMAGE_NAME = LaunchImage;
				GCC_PRECOMPILE_PREFIX_HEADER = YES;
				GCC_PREFIX_HEADER = "MePaseasteUY/MePaseasteUY-Prefix.pch";
				INFOPLIST_FILE = "MePaseasteUY/MePaseasteUY-Info.plist";
				PRODUCT_NAME = "$(TARGET_NAME)";
				WRAPPER_EXTENSION = app;
			};
			name = Release;
		};
		80EBEC1C18955E7E005967DD /* Debug */ = {
			isa = XCBuildConfiguration;
			buildSettings = {
				ARCHS = "$(ARCHS_STANDARD_INCLUDING_64_BIT)";
				BUNDLE_LOADER = "$(BUILT_PRODUCTS_DIR)/MePaseasteUY.app/MePaseasteUY";
				FRAMEWORK_SEARCH_PATHS = (
					"$(SDKROOT)/Developer/Library/Frameworks",
					"$(inherited)",
					"$(DEVELOPER_FRAMEWORKS_DIR)",
				);
				GCC_PRECOMPILE_PREFIX_HEADER = YES;
				GCC_PREFIX_HEADER = "MePaseasteUY/MePaseasteUY-Prefix.pch";
				GCC_PREPROCESSOR_DEFINITIONS = (
					"DEBUG=1",
					"$(inherited)",
				);
				INFOPLIST_FILE = "MePaseasteUYTests/MePaseasteUYTests-Info.plist";
				PRODUCT_NAME = "$(TARGET_NAME)";
				TEST_HOST = "$(BUNDLE_LOADER)";
				WRAPPER_EXTENSION = xctest;
			};
			name = Debug;
		};
		80EBEC1D18955E7E005967DD /* Release */ = {
			isa = XCBuildConfiguration;
			buildSettings = {
				ARCHS = "$(ARCHS_STANDARD_INCLUDING_64_BIT)";
				BUNDLE_LOADER = "$(BUILT_PRODUCTS_DIR)/MePaseasteUY.app/MePaseasteUY";
				FRAMEWORK_SEARCH_PATHS = (
					"$(SDKROOT)/Developer/Library/Frameworks",
					"$(inherited)",
					"$(DEVELOPER_FRAMEWORKS_DIR)",
				);
				GCC_PRECOMPILE_PREFIX_HEADER = YES;
				GCC_PREFIX_HEADER = "MePaseasteUY/MePaseasteUY-Prefix.pch";
				INFOPLIST_FILE = "MePaseasteUYTests/MePaseasteUYTests-Info.plist";
				PRODUCT_NAME = "$(TARGET_NAME)";
				TEST_HOST = "$(BUNDLE_LOADER)";
				WRAPPER_EXTENSION = xctest;
			};
			name = Release;
		};
/* End XCBuildConfiguration section */

/* Begin XCConfigurationList section */
		80EBEBE118955E7E005967DD /* Build configuration list for PBXProject "MePaseasteUY" */ = {
			isa = XCConfigurationList;
			buildConfigurations = (
				80EBEC1618955E7E005967DD /* Debug */,
				80EBEC1718955E7E005967DD /* Release */,
			);
			defaultConfigurationIsVisible = 0;
			defaultConfigurationName = Release;
		};
		80EBEC1818955E7E005967DD /* Build configuration list for PBXNativeTarget "MePaseasteUY" */ = {
			isa = XCConfigurationList;
			buildConfigurations = (
				80EBEC1918955E7E005967DD /* Debug */,
				80EBEC1A18955E7E005967DD /* Release */,
			);
			defaultConfigurationIsVisible = 0;
			defaultConfigurationName = Release;
		};
		80EBEC1B18955E7E005967DD /* Build configuration list for PBXNativeTarget "MePaseasteUYTests" */ = {
			isa = XCConfigurationList;
			buildConfigurations = (
				80EBEC1C18955E7E005967DD /* Debug */,
				80EBEC1D18955E7E005967DD /* Release */,
			);
			defaultConfigurationIsVisible = 0;
			defaultConfigurationName = Release;
		};
/* End XCConfigurationList section */
	};
	rootObject = 80EBEBDE18955E7E005967DD /* Project object */;
}
